
Microsoft Visual Studio Solution File, Format Version 12.00
# Visual Studio 15
VisualStudioVersion = 15.0.28307.168
MinimumVisualStudioVersion = 10.0.40219.1
Project("{FAE04EC0-301F-11D3-BF4B-00C04F79EFBC}") = "lab2.8-9 EF_Patterns", "lab2.8-9 EF_Patterns\lab2.8-9 EF_Patterns.csproj", "{74772C1B-5442-476B-875A-73B5FC7AE9DF}"
EndProject
Global
	GlobalSection(SolutionConfigurationPlatforms) = preSolution
		Debug|Any CPU = Debug|Any CPU
		Release|Any CPU = Release|Any CPU
	EndGlobalSection
	GlobalSection(ProjectConfigurationPlatforms) = postSolution
		{74772C1B-5442-476B-875A-73B5FC7AE9DF}.Debug|Any CPU.ActiveCfg = Debug|Any CPU
		{74772C1B-5442-476B-875A-73B5FC7AE9DF}.Debug|Any CPU.Build.0 = Debug|Any CPU
		{74772C1B-5442-476B-875A-73B5FC7AE9DF}.Release|Any CPU.ActiveCfg = Release|Any CPU
		{74772C1B-5442-476B-875A-73B5FC7AE9DF}.Release|Any CPU.Build.0 = Release|Any CPU
	EndGlobalSection
	GlobalSection(SolutionProperties) = preSolution
		HideSolutionNode = FALSE
	EndGlobalSection
	GlobalSection(ExtensibilityGlobals) = postSolution
		SolutionGuid = {FB77C3C2-54C1-4335-88CD-ED88955A4372}
	EndGlobalSection
EndGlobal
